// !$*UTF8*$!
{
	archiveVersion = 1;
	classes = {
	};
	objectVersion = 46;
	objects = {

/* Begin PBXBuildFile section */
		608C0765FC0D27715E9463C3 /* libPods.a in Frameworks */ = {isa = PBXBuildFile; fileRef = C917101C08E844147B16E591 /* libPods.a */; };
		9C4432EB1CFFCF7D00066CA6 /* MunchieLogin.swift in Sources */ = {isa = PBXBuildFile; fileRef = 9C4432EA1CFFCF7D00066CA6 /* MunchieLogin.swift */; };
		9CEBBA921D06541100243780 /* MapKit.framework in Frameworks */ = {isa = PBXBuildFile; fileRef = 9CEBBA911D06541000243780 /* MapKit.framework */; };
		9D1CC4F11D03992B00ABB971 /* TableViewController.swift in Sources */ = {isa = PBXBuildFile; fileRef = 9D1CC4F01D03992B00ABB971 /* TableViewController.swift */; };
		9D404EB31D03739E003474AA /* SwiftyJSON.swift in Sources */ = {isa = PBXBuildFile; fileRef = 9D404EB21D03739E003474AA /* SwiftyJSON.swift */; };
		9F8D04271CF260E50057C42A /* AppDelegate.swift in Sources */ = {isa = PBXBuildFile; fileRef = 9F8D04261CF260E50057C42A /* AppDelegate.swift */; };
		9F8D042C1CF260E50057C42A /* Main.storyboard in Resources */ = {isa = PBXBuildFile; fileRef = 9F8D042A1CF260E50057C42A /* Main.storyboard */; };
		9F8D042E1CF260E50057C42A /* Assets.xcassets in Resources */ = {isa = PBXBuildFile; fileRef = 9F8D042D1CF260E50057C42A /* Assets.xcassets */; };
		9F8D04311CF260E50057C42A /* LaunchScreen.storyboard in Resources */ = {isa = PBXBuildFile; fileRef = 9F8D042F1CF260E50057C42A /* LaunchScreen.storyboard */; };
		9F8D043C1CF260E50057C42A /* Munchie2016Tests.swift in Sources */ = {isa = PBXBuildFile; fileRef = 9F8D043B1CF260E50057C42A /* Munchie2016Tests.swift */; };
		9F8D04471CF260E50057C42A /* Munchie2016UITests.swift in Sources */ = {isa = PBXBuildFile; fileRef = 9F8D04461CF260E50057C42A /* Munchie2016UITests.swift */; };
		9FA0E9FA1D07F74400A6C8B5 /* NearbyViewController.swift in Sources */ = {isa = PBXBuildFile; fileRef = 9FA0E9F91D07F74400A6C8B5 /* NearbyViewController.swift */; };
/* End PBXBuildFile section */

/* Begin PBXContainerItemProxy section */
		9F8D04381CF260E50057C42A /* PBXContainerItemProxy */ = {
			isa = PBXContainerItemProxy;
			containerPortal = 9F8D041B1CF260E50057C42A /* Project object */;
			proxyType = 1;
			remoteGlobalIDString = 9F8D04221CF260E50057C42A;
			remoteInfo = Munchie2016;
		};
		9F8D04431CF260E50057C42A /* PBXContainerItemProxy */ = {
			isa = PBXContainerItemProxy;
			containerPortal = 9F8D041B1CF260E50057C42A /* Project object */;
			proxyType = 1;
			remoteGlobalIDString = 9F8D04221CF260E50057C42A;
			remoteInfo = Munchie2016;
		};
/* End PBXContainerItemProxy section */

/* Begin PBXFileReference section */
		5F61531375B2770870330CF8 /* Pods.debug.xcconfig */ = {isa = PBXFileReference; includeInIndex = 1; lastKnownFileType = text.xcconfig; name = Pods.debug.xcconfig; path = "Pods/Target Support Files/Pods/Pods.debug.xcconfig"; sourceTree = "<group>"; };
		7605B2743F2261615595D896 /* Pods.release.xcconfig */ = {isa = PBXFileReference; includeInIndex = 1; lastKnownFileType = text.xcconfig; name = Pods.release.xcconfig; path = "Pods/Target Support Files/Pods/Pods.release.xcconfig"; sourceTree = "<group>"; };
		9C4432EA1CFFCF7D00066CA6 /* MunchieLogin.swift */ = {isa = PBXFileReference; fileEncoding = 4; lastKnownFileType = sourcecode.swift; path = MunchieLogin.swift; sourceTree = "<group>"; };
		9CEBBA911D06541000243780 /* MapKit.framework */ = {isa = PBXFileReference; lastKnownFileType = wrapper.framework; name = MapKit.framework; path = System/Library/Frameworks/MapKit.framework; sourceTree = SDKROOT; };
		9D1CC4F01D03992B00ABB971 /* TableViewController.swift */ = {isa = PBXFileReference; fileEncoding = 4; lastKnownFileType = sourcecode.swift; path = TableViewController.swift; sourceTree = "<group>"; };
		9D404EB21D03739E003474AA /* SwiftyJSON.swift */ = {isa = PBXFileReference; fileEncoding = 4; lastKnownFileType = sourcecode.swift; path = SwiftyJSON.swift; sourceTree = "<group>"; };
		9F8D04231CF260E50057C42A /* Munchie2016.app */ = {isa = PBXFileReference; explicitFileType = wrapper.application; includeInIndex = 0; path = Munchie2016.app; sourceTree = BUILT_PRODUCTS_DIR; };
		9F8D04261CF260E50057C42A /* AppDelegate.swift */ = {isa = PBXFileReference; lastKnownFileType = sourcecode.swift; path = AppDelegate.swift; sourceTree = "<group>"; };
		9F8D042B1CF260E50057C42A /* Base */ = {isa = PBXFileReference; lastKnownFileType = file.storyboard; name = Base; path = Base.lproj/Main.storyboard; sourceTree = "<group>"; };
		9F8D042D1CF260E50057C42A /* Assets.xcassets */ = {isa = PBXFileReference; lastKnownFileType = folder.assetcatalog; path = Assets.xcassets; sourceTree = "<group>"; };
		9F8D04301CF260E50057C42A /* Base */ = {isa = PBXFileReference; lastKnownFileType = file.storyboard; name = Base; path = Base.lproj/LaunchScreen.storyboard; sourceTree = "<group>"; };
		9F8D04321CF260E50057C42A /* Info.plist */ = {isa = PBXFileReference; lastKnownFileType = text.plist.xml; path = Info.plist; sourceTree = "<group>"; };
		9F8D04371CF260E50057C42A /* Munchie2016Tests.xctest */ = {isa = PBXFileReference; explicitFileType = wrapper.cfbundle; includeInIndex = 0; path = Munchie2016Tests.xctest; sourceTree = BUILT_PRODUCTS_DIR; };
		9F8D043B1CF260E50057C42A /* Munchie2016Tests.swift */ = {isa = PBXFileReference; lastKnownFileType = sourcecode.swift; path = Munchie2016Tests.swift; sourceTree = "<group>"; };
		9F8D043D1CF260E50057C42A /* Info.plist */ = {isa = PBXFileReference; lastKnownFileType = text.plist.xml; path = Info.plist; sourceTree = "<group>"; };
		9F8D04421CF260E50057C42A /* Munchie2016UITests.xctest */ = {isa = PBXFileReference; explicitFileType = wrapper.cfbundle; includeInIndex = 0; path = Munchie2016UITests.xctest; sourceTree = BUILT_PRODUCTS_DIR; };
		9F8D04461CF260E50057C42A /* Munchie2016UITests.swift */ = {isa = PBXFileReference; lastKnownFileType = sourcecode.swift; path = Munchie2016UITests.swift; sourceTree = "<group>"; };
		9F8D04481CF260E50057C42A /* Info.plist */ = {isa = PBXFileReference; lastKnownFileType = text.plist.xml; path = Info.plist; sourceTree = "<group>"; };
		9FA0E9F91D07F74400A6C8B5 /* NearbyViewController.swift */ = {isa = PBXFileReference; fileEncoding = 4; lastKnownFileType = sourcecode.swift; path = NearbyViewController.swift; sourceTree = "<group>"; };
		C917101C08E844147B16E591 /* libPods.a */ = {isa = PBXFileReference; explicitFileType = archive.ar; includeInIndex = 0; path = libPods.a; sourceTree = BUILT_PRODUCTS_DIR; };
/* End PBXFileReference section */

/* Begin PBXFrameworksBuildPhase section */
		9F8D04201CF260E50057C42A /* Frameworks */ = {
			isa = PBXFrameworksBuildPhase;
			buildActionMask = 2147483647;
			files = (
				9CEBBA921D06541100243780 /* MapKit.framework in Frameworks */,
				608C0765FC0D27715E9463C3 /* libPods.a in Frameworks */,
			);
			runOnlyForDeploymentPostprocessing = 0;
		};
		9F8D04341CF260E50057C42A /* Frameworks */ = {
			isa = PBXFrameworksBuildPhase;
			buildActionMask = 2147483647;
			files = (
			);
			runOnlyForDeploymentPostprocessing = 0;
		};
		9F8D043F1CF260E50057C42A /* Frameworks */ = {
			isa = PBXFrameworksBuildPhase;
			buildActionMask = 2147483647;
			files = (
			);
			runOnlyForDeploymentPostprocessing = 0;
		};
/* End PBXFrameworksBuildPhase section */

/* Begin PBXGroup section */
		26A99229B87EBE6F3B53F50E /* Frameworks */ = {
			isa = PBXGroup;
			children = (
				9CEBBA911D06541000243780 /* MapKit.framework */,
				C917101C08E844147B16E591 /* libPods.a */,
			);
			name = Frameworks;
			sourceTree = "<group>";
		};
		9A77920B57B714300FD07007 /* Pods */ = {
			isa = PBXGroup;
			children = (
				5F61531375B2770870330CF8 /* Pods.debug.xcconfig */,
				7605B2743F2261615595D896 /* Pods.release.xcconfig */,
			);
			name = Pods;
			sourceTree = "<group>";
		};
		9C4432E51CFFCECF00066CA6 /* Login */ = {
			isa = PBXGroup;
			children = (
				9C4432EA1CFFCF7D00066CA6 /* MunchieLogin.swift */,
			);
			name = Login;
			sourceTree = "<group>";
		};
		9F8D041A1CF260E50057C42A = {
			isa = PBXGroup;
			children = (
				9F8D04251CF260E50057C42A /* Munchie2016 */,
				9F8D043A1CF260E50057C42A /* Munchie2016Tests */,
				9F8D04451CF260E50057C42A /* Munchie2016UITests */,
				9F8D04241CF260E50057C42A /* Products */,
				9A77920B57B714300FD07007 /* Pods */,
				26A99229B87EBE6F3B53F50E /* Frameworks */,
			);
			sourceTree = "<group>";
		};
		9F8D04241CF260E50057C42A /* Products */ = {
			isa = PBXGroup;
			children = (
				9F8D04231CF260E50057C42A /* Munchie2016.app */,
				9F8D04371CF260E50057C42A /* Munchie2016Tests.xctest */,
				9F8D04421CF260E50057C42A /* Munchie2016UITests.xctest */,
			);
			name = Products;
			sourceTree = "<group>";
		};
		9F8D04251CF260E50057C42A /* Munchie2016 */ = {
			isa = PBXGroup;
			children = (
				9C4432E51CFFCECF00066CA6 /* Login */,
				9F8D04261CF260E50057C42A /* AppDelegate.swift */,
				9FA0E9F91D07F74400A6C8B5 /* NearbyViewController.swift */,
				9D404EB21D03739E003474AA /* SwiftyJSON.swift */,
				9D1CC4F01D03992B00ABB971 /* TableViewController.swift */,
				9F8D042A1CF260E50057C42A /* Main.storyboard */,
				9F8D042D1CF260E50057C42A /* Assets.xcassets */,
				9F8D042F1CF260E50057C42A /* LaunchScreen.storyboard */,
				9F8D04321CF260E50057C42A /* Info.plist */,
			);
			path = Munchie2016;
			sourceTree = "<group>";
		};
		9F8D043A1CF260E50057C42A /* Munchie2016Tests */ = {
			isa = PBXGroup;
			children = (
				9F8D043B1CF260E50057C42A /* Munchie2016Tests.swift */,
				9F8D043D1CF260E50057C42A /* Info.plist */,
			);
			path = Munchie2016Tests;
			sourceTree = "<group>";
		};
		9F8D04451CF260E50057C42A /* Munchie2016UITests */ = {
			isa = PBXGroup;
			children = (
				9F8D04461CF260E50057C42A /* Munchie2016UITests.swift */,
				9F8D04481CF260E50057C42A /* Info.plist */,
			);
			path = Munchie2016UITests;
			sourceTree = "<group>";
		};
/* End PBXGroup section */

/* Begin PBXNativeTarget section */
		9F8D04221CF260E50057C42A /* Munchie2016 */ = {
			isa = PBXNativeTarget;
			buildConfigurationList = 9F8D044B1CF260E50057C42A /* Build configuration list for PBXNativeTarget "Munchie2016" */;
			buildPhases = (
				696A24BF5E5C3E131B56DF42 /* Check Pods Manifest.lock */,
				9F8D041F1CF260E50057C42A /* Sources */,
				9F8D04201CF260E50057C42A /* Frameworks */,
				9F8D04211CF260E50057C42A /* Resources */,
				D55903B6FD7CC836282D0D56 /* Embed Pods Frameworks */,
				D5ACDD1A980261CB7AB94FDD /* Copy Pods Resources */,
			);
			buildRules = (
			);
			dependencies = (
			);
			name = Munchie2016;
			productName = Munchie2016;
			productReference = 9F8D04231CF260E50057C42A /* Munchie2016.app */;
			productType = "com.apple.product-type.application";
		};
		9F8D04361CF260E50057C42A /* Munchie2016Tests */ = {
			isa = PBXNativeTarget;
			buildConfigurationList = 9F8D044E1CF260E50057C42A /* Build configuration list for PBXNativeTarget "Munchie2016Tests" */;
			buildPhases = (
				9F8D04331CF260E50057C42A /* Sources */,
				9F8D04341CF260E50057C42A /* Frameworks */,
				9F8D04351CF260E50057C42A /* Resources */,
			);
			buildRules = (
			);
			dependencies = (
				9F8D04391CF260E50057C42A /* PBXTargetDependency */,
			);
			name = Munchie2016Tests;
			productName = Munchie2016Tests;
			productReference = 9F8D04371CF260E50057C42A /* Munchie2016Tests.xctest */;
			productType = "com.apple.product-type.bundle.unit-test";
		};
		9F8D04411CF260E50057C42A /* Munchie2016UITests */ = {
			isa = PBXNativeTarget;
			buildConfigurationList = 9F8D04511CF260E50057C42A /* Build configuration list for PBXNativeTarget "Munchie2016UITests" */;
			buildPhases = (
				9F8D043E1CF260E50057C42A /* Sources */,
				9F8D043F1CF260E50057C42A /* Frameworks */,
				9F8D04401CF260E50057C42A /* Resources */,
			);
			buildRules = (
			);
			dependencies = (
				9F8D04441CF260E50057C42A /* PBXTargetDependency */,
			);
			name = Munchie2016UITests;
			productName = Munchie2016UITests;
			productReference = 9F8D04421CF260E50057C42A /* Munchie2016UITests.xctest */;
			productType = "com.apple.product-type.bundle.ui-testing";
		};
/* End PBXNativeTarget section */

/* Begin PBXProject section */
		9F8D041B1CF260E50057C42A /* Project object */ = {
			isa = PBXProject;
			attributes = {
				LastSwiftUpdateCheck = 0730;
				LastUpgradeCheck = 0730;
				ORGANIZATIONNAME = "Munchie Meets";
				TargetAttributes = {
					9F8D04221CF260E50057C42A = {
						CreatedOnToolsVersion = 7.3.1;
						DevelopmentTeam = 3S9T5B9X63;
						SystemCapabilities = {
							com.apple.Maps.iOS = {
								enabled = 1;
							};
						};
					};
					9F8D04361CF260E50057C42A = {
						CreatedOnToolsVersion = 7.3.1;
						DevelopmentTeam = 3S9T5B9X63;
						TestTargetID = 9F8D04221CF260E50057C42A;
					};
					9F8D04411CF260E50057C42A = {
						CreatedOnToolsVersion = 7.3.1;
						DevelopmentTeam = 3S9T5B9X63;
						TestTargetID = 9F8D04221CF260E50057C42A;
					};
				};
			};
			buildConfigurationList = 9F8D041E1CF260E50057C42A /* Build configuration list for PBXProject "Munchie2016" */;
			compatibilityVersion = "Xcode 3.2";
			developmentRegion = English;
			hasScannedForEncodings = 0;
			knownRegions = (
				en,
				Base,
			);
			mainGroup = 9F8D041A1CF260E50057C42A;
			productRefGroup = 9F8D04241CF260E50057C42A /* Products */;
			projectDirPath = "";
			projectRoot = "";
			targets = (
				9F8D04221CF260E50057C42A /* Munchie2016 */,
				9F8D04361CF260E50057C42A /* Munchie2016Tests */,
				9F8D04411CF260E50057C42A /* Munchie2016UITests */,
			);
		};
/* End PBXProject section */

/* Begin PBXResourcesBuildPhase section */
		9F8D04211CF260E50057C42A /* Resources */ = {
			isa = PBXResourcesBuildPhase;
			buildActionMask = 2147483647;
			files = (
				9F8D04311CF260E50057C42A /* LaunchScreen.storyboard in Resources */,
				9F8D042E1CF260E50057C42A /* Assets.xcassets in Resources */,
				9F8D042C1CF260E50057C42A /* Main.storyboard in Resources */,
			);
			runOnlyForDeploymentPostprocessing = 0;
		};
		9F8D04351CF260E50057C42A /* Resources */ = {
			isa = PBXResourcesBuildPhase;
			buildActionMask = 2147483647;
			files = (
			);
			runOnlyForDeploymentPostprocessing = 0;
		};
		9F8D04401CF260E50057C42A /* Resources */ = {
			isa = PBXResourcesBuildPhase;
			buildActionMask = 2147483647;
			files = (
			);
			runOnlyForDeploymentPostprocessing = 0;
		};
/* End PBXResourcesBuildPhase section */

/* Begin PBXShellScriptBuildPhase section */
		696A24BF5E5C3E131B56DF42 /* Check Pods Manifest.lock */ = {
			isa = PBXShellScriptBuildPhase;
			buildActionMask = 2147483647;
			files = (
			);
			inputPaths = (
			);
			name = "Check Pods Manifest.lock";
			outputPaths = (
			);
			runOnlyForDeploymentPostprocessing = 0;
			shellPath = /bin/sh;
			shellScript = "diff \"${PODS_ROOT}/../Podfile.lock\" \"${PODS_ROOT}/Manifest.lock\" > /dev/null\nif [[ $? != 0 ]] ; then\n    cat << EOM\nerror: The sandbox is not in sync with the Podfile.lock. Run 'pod install' or update your CocoaPods installation.\nEOM\n    exit 1\nfi\n";
			showEnvVarsInLog = 0;
		};
		D55903B6FD7CC836282D0D56 /* Embed Pods Frameworks */ = {
			isa = PBXShellScriptBuildPhase;
			buildActionMask = 2147483647;
			files = (
			);
			inputPaths = (
			);
			name = "Embed Pods Frameworks";
			outputPaths = (
			);
			runOnlyForDeploymentPostprocessing = 0;
			shellPath = /bin/sh;
			shellScript = "\"${SRCROOT}/Pods/Target Support Files/Pods/Pods-frameworks.sh\"\n";
			showEnvVarsInLog = 0;
		};
		D5ACDD1A980261CB7AB94FDD /* Copy Pods Resources */ = {
			isa = PBXShellScriptBuildPhase;
			buildActionMask = 2147483647;
			files = (
			);
			inputPaths = (
			);
			name = "Copy Pods Resources";
			outputPaths = (
			);
			runOnlyForDeploymentPostprocessing = 0;
			shellPath = /bin/sh;
			shellScript = "\"${SRCROOT}/Pods/Target Support Files/Pods/Pods-resources.sh\"\n";
			showEnvVarsInLog = 0;
		};
/* End PBXShellScriptBuildPhase section */

/* Begin PBXSourcesBuildPhase section */
		9F8D041F1CF260E50057C42A /* Sources */ = {
			isa = PBXSourcesBuildPhase;
			buildActionMask = 2147483647;
			files = (
				9C4432EB1CFFCF7D00066CA6 /* MunchieLogin.swift in Sources */,
				9F8D04271CF260E50057C42A /* AppDelegate.swift in Sources */,
				9FA0E9FA1D07F74400A6C8B5 /* NearbyViewController.swift in Sources */,
				9D404EB31D03739E003474AA /* SwiftyJSON.swift in Sources */,
				9D1CC4F11D03992B00ABB971 /* TableViewController.swift in Sources */,
			);
			runOnlyForDeploymentPostprocessing = 0;
		};
		9F8D04331CF260E50057C42A /* Sources */ = {
			isa = PBXSourcesBuildPhase;
			buildActionMask = 2147483647;
			files = (
				9F8D043C1CF260E50057C42A /* Munchie2016Tests.swift in Sources */,
			);
			runOnlyForDeploymentPostprocessing = 0;
		};
		9F8D043E1CF260E50057C42A /* Sources */ = {
			isa = PBXSourcesBuildPhase;
			buildActionMask = 2147483647;
			files = (
				9F8D04471CF260E50057C42A /* Munchie2016UITests.swift in Sources */,
			);
			runOnlyForDeploymentPostprocessing = 0;
		};
/* End PBXSourcesBuildPhase section */

/* Begin PBXTargetDependency section */
		9F8D04391CF260E50057C42A /* PBXTargetDependency */ = {
			isa = PBXTargetDependency;
			target = 9F8D04221CF260E50057C42A /* Munchie2016 */;
			targetProxy = 9F8D04381CF260E50057C42A /* PBXContainerItemProxy */;
		};
		9F8D04441CF260E50057C42A /* PBXTargetDependency */ = {
			isa = PBXTargetDependency;
			target = 9F8D04221CF260E50057C42A /* Munchie2016 */;
			targetProxy = 9F8D04431CF260E50057C42A /* PBXContainerItemProxy */;
		};
/* End PBXTargetDependency section */

/* Begin PBXVariantGroup section */
		9F8D042A1CF260E50057C42A /* Main.storyboard */ = {
			isa = PBXVariantGroup;
			children = (
				9F8D042B1CF260E50057C42A /* Base */,
			);
			name = Main.storyboard;
			sourceTree = "<group>";
		};
		9F8D042F1CF260E50057C42A /* LaunchScreen.storyboard */ = {
			isa = PBXVariantGroup;
			children = (
				9F8D04301CF260E50057C42A /* Base */,
			);
			name = LaunchScreen.storyboard;
			sourceTree = "<group>";
		};
/* End PBXVariantGroup section */

/* Begin XCBuildConfiguration section */
		9F8D04491CF260E50057C42A /* Debug */ = {
			isa = XCBuildConfiguration;
			buildSettings = {
				ALWAYS_SEARCH_USER_PATHS = NO;
				CLANG_ANALYZER_NONNULL = YES;
				CLANG_CXX_LANGUAGE_STANDARD = "gnu++0x";
				CLANG_CXX_LIBRARY = "libc++";
				CLANG_ENABLE_MODULES = YES;
				CLANG_ENABLE_OBJC_ARC = YES;
				CLANG_WARN_BOOL_CONVERSION = YES;
				CLANG_WARN_CONSTANT_CONVERSION = YES;
				CLANG_WARN_DIRECT_OBJC_ISA_USAGE = YES_ERROR;
				CLANG_WARN_EMPTY_BODY = YES;
				CLANG_WARN_ENUM_CONVERSION = YES;
				CLANG_WARN_INT_CONVERSION = YES;
				CLANG_WARN_OBJC_ROOT_CLASS = YES_ERROR;
				CLANG_WARN_UNREACHABLE_CODE = YES;
				CLANG_WARN__DUPLICATE_METHOD_MATCH = YES;
				"CODE_SIGN_IDENTITY[sdk=iphoneos*]" = "iPhone Developer";
				COPY_PHASE_STRIP = NO;
				DEBUG_INFORMATION_FORMAT = dwarf;
				ENABLE_STRICT_OBJC_MSGSEND = YES;
				ENABLE_TESTABILITY = YES;
				GCC_C_LANGUAGE_STANDARD = gnu99;
				GCC_DYNAMIC_NO_PIC = NO;
				GCC_NO_COMMON_BLOCKS = YES;
				GCC_OPTIMIZATION_LEVEL = 0;
				GCC_PREPROCESSOR_DEFINITIONS = (
					"DEBUG=1",
					"$(inherited)",
				);
				GCC_WARN_64_TO_32_BIT_CONVERSION = YES;
				GCC_WARN_ABOUT_RETURN_TYPE = YES_ERROR;
				GCC_WARN_UNDECLARED_SELECTOR = YES;
				GCC_WARN_UNINITIALIZED_AUTOS = YES_AGGRESSIVE;
				GCC_WARN_UNUSED_FUNCTION = YES;
				GCC_WARN_UNUSED_VARIABLE = YES;
				IPHONEOS_DEPLOYMENT_TARGET = 9.3;
				MTL_ENABLE_DEBUG_INFO = YES;
				ONLY_ACTIVE_ARCH = YES;
				SDKROOT = iphoneos;
				SWIFT_OPTIMIZATION_LEVEL = "-Onone";
			};
			name = Debug;
		};
		9F8D044A1CF260E50057C42A /* Release */ = {
			isa = XCBuildConfiguration;
			buildSettings = {
				ALWAYS_SEARCH_USER_PATHS = NO;
				CLANG_ANALYZER_NONNULL = YES;
				CLANG_CXX_LANGUAGE_STANDARD = "gnu++0x";
				CLANG_CXX_LIBRARY = "libc++";
				CLANG_ENABLE_MODULES = YES;
				CLANG_ENABLE_OBJC_ARC = YES;
				CLANG_WARN_BOOL_CONVERSION = YES;
				CLANG_WARN_CONSTANT_CONVERSION = YES;
				CLANG_WARN_DIRECT_OBJC_ISA_USAGE = YES_ERROR;
				CLANG_WARN_EMPTY_BODY = YES;
				CLANG_WARN_ENUM_CONVERSION = YES;
				CLANG_WARN_INT_CONVERSION = YES;
				CLANG_WARN_OBJC_ROOT_CLASS = YES_ERROR;
				CLANG_WARN_UNREACHABLE_CODE = YES;
				CLANG_WARN__DUPLICATE_METHOD_MATCH = YES;
				"CODE_SIGN_IDENTITY[sdk=iphoneos*]" = "iPhone Developer";
				COPY_PHASE_STRIP = NO;
				DEBUG_INFORMATION_FORMAT = "dwarf-with-dsym";
				ENABLE_NS_ASSERTIONS = NO;
				ENABLE_STRICT_OBJC_MSGSEND = YES;
				GCC_C_LANGUAGE_STANDARD = gnu99;
				GCC_NO_COMMON_BLOCKS = YES;
				GCC_WARN_64_TO_32_BIT_CONVERSION = YES;
				GCC_WARN_ABOUT_RETURN_TYPE = YES_ERROR;
				GCC_WARN_UNDECLARED_SELECTOR = YES;
				GCC_WARN_UNINITIALIZED_AUTOS = YES_AGGRESSIVE;
				GCC_WARN_UNUSED_FUNCTION = YES;
				GCC_WARN_UNUSED_VARIABLE = YES;
				IPHONEOS_DEPLOYMENT_TARGET = 9.3;
				MTL_ENABLE_DEBUG_INFO = NO;
				SDKROOT = iphoneos;
				VALIDATE_PRODUCT = YES;
			};
			name = Release;
		};
		9F8D044C1CF260E50057C42A /* Debug */ = {
			isa = XCBuildConfiguration;
			baseConfigurationReference = 5F61531375B2770870330CF8 /* Pods.debug.xcconfig */;
			buildSettings = {
				ASSETCATALOG_COMPILER_APPICON_NAME = AppIcon;
				ASSETCATALOG_COMPILER_LAUNCHIMAGE_NAME = "Brand Assets";
				INFOPLIST_FILE = Munchie2016/Info.plist;
				LD_RUNPATH_SEARCH_PATHS = "$(inherited) @executable_path/Frameworks";
				PRODUCT_BUNDLE_IDENTIFIER = com.munchie.Munchie2016;
				PRODUCT_NAME = "$(TARGET_NAME)";
				TARGETED_DEVICE_FAMILY = "1,2";
			};
			name = Debug;
		};
		9F8D044D1CF260E50057C42A /* Release */ = {
			isa = XCBuildConfiguration;
			baseConfigurationReference = 7605B2743F2261615595D896 /* Pods.release.xcconfig */;
			buildSettings = {
				ASSETCATALOG_COMPILER_APPICON_NAME = AppIcon;
				ASSETCATALOG_COMPILER_LAUNCHIMAGE_NAME = "Brand Assets";
				INFOPLIST_FILE = Munchie2016/Info.plist;
				LD_RUNPATH_SEARCH_PATHS = "$(inherited) @executable_path/Frameworks";
				PRODUCT_BUNDLE_IDENTIFIER = com.munchie.Munchie2016;
				PRODUCT_NAME = "$(TARGET_NAME)";
				TARGETED_DEVICE_FAMILY = "1,2";
			};
			name = Release;
		};
		9F8D044F1CF260E50057C42A /* Debug */ = {
			isa = XCBuildConfiguration;
			buildSettings = {
				BUNDLE_LOADER = "$(TEST_HOST)";
				INFOPLIST_FILE = Munchie2016Tests/Info.plist;
				LD_RUNPATH_SEARCH_PATHS = "$(inherited) @executable_path/Frameworks @loader_path/Frameworks";
				PRODUCT_BUNDLE_IDENTIFIER = com.munchie.Munchie2016Tests;
				PRODUCT_NAME = "$(TARGET_NAME)";
				TEST_HOST = "$(BUILT_PRODUCTS_DIR)/Munchie2016.app/Munchie2016";
			};
			name = Debug;
		};
		9F8D04501CF260E50057C42A /* Release */ = {
			isa = XCBuildConfiguration;
			buildSettings = {
				BUNDLE_LOADER = "$(TEST_HOST)";
				INFOPLIST_FILE = Munchie2016Tests/Info.plist;
				LD_RUNPATH_SEARCH_PATHS = "$(inherited) @executable_path/Frameworks @loader_path/Frameworks";
				PRODUCT_BUNDLE_IDENTIFIER = com.munchie.Munchie2016Tests;
				PRODUCT_NAME = "$(TARGET_NAME)";
				TEST_HOST = "$(BUILT_PRODUCTS_DIR)/Munchie2016.app/Munchie2016";
			};
			name = Release;
		};
		9F8D04521CF260E50057C42A /* Debug */ = {
			isa = XCBuildConfiguration;
			buildSettings = {
				INFOPLIST_FILE = Munchie2016UITests/Info.plist;
				LD_RUNPATH_SEARCH_PATHS = "$(inherited) @executable_path/Frameworks @loader_path/Frameworks";
				PRODUCT_BUNDLE_IDENTIFIER = com.munchie.Munchie2016UITests;
				PRODUCT_NAME = "$(TARGET_NAME)";
				TEST_TARGET_NAME = Munchie2016;
			};
			name = Debug;
		};
		9F8D04531CF260E50057C42A /* Release */ = {
			isa = XCBuildConfiguration;
			buildSettings = {
				INFOPLIST_FILE = Munchie2016UITests/Info.plist;
				LD_RUNPATH_SEARCH_PATHS = "$(inherited) @executable_path/Frameworks @loader_path/Frameworks";
				PRODUCT_BUNDLE_IDENTIFIER = com.munchie.Munchie2016UITests;
				PRODUCT_NAME = "$(TARGET_NAME)";
				TEST_TARGET_NAME = Munchie2016;
			};
			name = Release;
		};
/* End XCBuildConfiguration section */

/* Begin XCConfigurationList section */
		9F8D041E1CF260E50057C42A /* Build configuration list for PBXProject "Munchie2016" */ = {
			isa = XCConfigurationList;
			buildConfigurations = (
				9F8D04491CF260E50057C42A /* Debug */,
				9F8D044A1CF260E50057C42A /* Release */,
			);
			defaultConfigurationIsVisible = 0;
			defaultConfigurationName = Release;
		};
		9F8D044B1CF260E50057C42A /* Build configuration list for PBXNativeTarget "Munchie2016" */ = {
			isa = XCConfigurationList;
			buildConfigurations = (
				9F8D044C1CF260E50057C42A /* Debug */,
				9F8D044D1CF260E50057C42A /* Release */,
			);
			defaultConfigurationIsVisible = 0;
			defaultConfigurationName = Release;
		};
		9F8D044E1CF260E50057C42A /* Build configuration list for PBXNativeTarget "Munchie2016Tests" */ = {
			isa = XCConfigurationList;
			buildConfigurations = (
				9F8D044F1CF260E50057C42A /* Debug */,
				9F8D04501CF260E50057C42A /* Release */,
			);
			defaultConfigurationIsVisible = 0;
			defaultConfigurationName = Release;
		};
		9F8D04511CF260E50057C42A /* Build configuration list for PBXNativeTarget "Munchie2016UITests" */ = {
			isa = XCConfigurationList;
			buildConfigurations = (
				9F8D04521CF260E50057C42A /* Debug */,
				9F8D04531CF260E50057C42A /* Release */,
			);
			defaultConfigurationIsVisible = 0;
			defaultConfigurationName = Release;
		};
/* End XCConfigurationList section */
	};
	rootObject = 9F8D041B1CF260E50057C42A /* Project object */;
}
